
Microsoft Visual Studio Solution File, Format Version 12.00
# Visual Studio Version 17
VisualStudioVersion = 17.3.32825.248
MinimumVisualStudioVersion = 10.0.40219.1
Project("{FAE04EC0-301F-11D3-BF4B-00C04F79EFBC}") = "DigitoVerificadorRut", "DigitoVerificadorRut\DigitoVerificadorRut.csproj", "{79F23417-EE0E-4985-98E6-BE30A6D4C9E6}"
EndProject
Global
	GlobalSection(SolutionConfigurationPlatforms) = preSolution
		Debug|Any CPU = Debug|Any CPU
		Release|Any CPU = Release|Any CPU
	EndGlobalSection
	GlobalSection(ProjectConfigurationPlatforms) = postSolution
		{79F23417-EE0E-4985-98E6-BE30A6D4C9E6}.Debug|Any CPU.ActiveCfg = Debug|Any CPU
		{79F23417-EE0E-4985-98E6-BE30A6D4C9E6}.Debug|Any CPU.Build.0 = Debug|Any CPU
		{79F23417-EE0E-4985-98E6-BE30A6D4C9E6}.Release|Any CPU.ActiveCfg = Release|Any CPU
		{79F23417-EE0E-4985-98E6-BE30A6D4C9E6}.Release|Any CPU.Build.0 = Release|Any CPU
	EndGlobalSection
	GlobalSection(SolutionProperties) = preSolution
		HideSolutionNode = FALSE
	EndGlobalSection
	GlobalSection(ExtensibilityGlobals) = postSolution
		SolutionGuid = {4ADEAB0D-65E8-4535-B5A4-4266AA012CA2}
	EndGlobalSection
EndGlobal
